
Microsoft Visual Studio Solution File, Format Version 11.00
# Visual Studio 2010
Project("{8BC9CEB8-8B4A-11D0-8D11-00A0C91BC942}") = "VoiceContact", "VoiceContact\VoiceContact.vcxproj", "{8EA8B7A0-F727-4927-B727-0332D35B446C}"
EndProject
Global
	GlobalSection(SolutionConfigurationPlatforms) = preSolution
		Debug|Win32 = Debug|Win32
		Release|Win32 = Release|Win32
	EndGlobalSection
	GlobalSection(ProjectConfigurationPlatforms) = postSolution
		{8EA8B7A0-F727-4927-B727-0332D35B446C}.Debug|Win32.ActiveCfg = Debug|Win32
		{8EA8B7A0-F727-4927-B727-0332D35B446C}.Debug|Win32.Build.0 = Debug|Win32
		{8EA8B7A0-F727-4927-B727-0332D35B446C}.Release|Win32.ActiveCfg = Release|Win32
		{8EA8B7A0-F727-4927-B727-0332D35B446C}.Release|Win32.Build.0 = Release|Win32
	EndGlobalSection
	GlobalSection(SolutionProperties) = preSolution
		HideSolutionNode = FALSE
	EndGlobalSection
EndGlobal
